<Solution>
  <Folder Name="/Éléments de solution/">
    <File Path="Diagrams/UML.md" />
    <File Path="README.md" />
  </Folder>
  <Project Path="CryptoSoft/CryptoSoft.csproj" />
  <Project Path="EasyLog/EasyLog.csproj" />
  <Project Path="EasySave.AvaloniaApp/EasySave.AvaloniaApp.csproj" />
  <Project Path="EasySave/EasySave.csproj" />
</Solution>
